
Microsoft Visual Studio Solution File, Format Version 12.00
# Visual Studio Version 16
VisualStudioVersion = 16.0.31321.278
MinimumVisualStudioVersion = 10.0.40219.1
Project("{FAE04EC0-301F-11D3-BF4B-00C04F79EFBC}") = "Surviving Legacy Code", "Surviving Legacy Code\Surviving Legacy Code.csproj", "{1CCDC455-525D-412A-B48B-9185666247B7}"
EndProject
Project("{FAE04EC0-301F-11D3-BF4B-00C04F79EFBC}") = "Surviving Legacy Code Tests", "Surviving Legacy Code Tests\Surviving Legacy Code Tests.csproj", "{D7CA4FA6-0A64-411B-99E6-0E5842BCF639}"
EndProject
Global
	GlobalSection(SolutionConfigurationPlatforms) = preSolution
		Debug|Any CPU = Debug|Any CPU
		Release|Any CPU = Release|Any CPU
	EndGlobalSection
	GlobalSection(ProjectConfigurationPlatforms) = postSolution
		{1CCDC455-525D-412A-B48B-9185666247B7}.Debug|Any CPU.ActiveCfg = Debug|Any CPU
		{1CCDC455-525D-412A-B48B-9185666247B7}.Debug|Any CPU.Build.0 = Debug|Any CPU
		{1CCDC455-525D-412A-B48B-9185666247B7}.Release|Any CPU.ActiveCfg = Release|Any CPU
		{1CCDC455-525D-412A-B48B-9185666247B7}.Release|Any CPU.Build.0 = Release|Any CPU
		{D7CA4FA6-0A64-411B-99E6-0E5842BCF639}.Debug|Any CPU.ActiveCfg = Debug|Any CPU
		{D7CA4FA6-0A64-411B-99E6-0E5842BCF639}.Debug|Any CPU.Build.0 = Debug|Any CPU
		{D7CA4FA6-0A64-411B-99E6-0E5842BCF639}.Release|Any CPU.ActiveCfg = Release|Any CPU
		{D7CA4FA6-0A64-411B-99E6-0E5842BCF639}.Release|Any CPU.Build.0 = Release|Any CPU
	EndGlobalSection
	GlobalSection(SolutionProperties) = preSolution
		HideSolutionNode = FALSE
	EndGlobalSection
	GlobalSection(ExtensibilityGlobals) = postSolution
		SolutionGuid = {080CCC3A-48E6-4FFA-A030-3AED42497701}
	EndGlobalSection
EndGlobal
